
Microsoft Visual Studio Solution File, Format Version 12.00
# Visual Studio Version 17
VisualStudioVersion = 17.5.33530.505
MinimumVisualStudioVersion = 10.0.40219.1
Project("{9A19103F-16F7-4668-BE54-9A1E7A4F7556}") = "TPLDataflowByExample", "TPLDataflowByExample\TPLDataflowByExample.csproj", "{7414B39D-9AD0-44DA-8C0A-8A4A969D4A53}"
EndProject
Project("{FAE04EC0-301F-11D3-BF4B-00C04F79EFBC}") = "TPLReactiveByExample", "TPLReactiveByExample\TPLReactiveByExample.csproj", "{C6EF6B9D-F10A-4E32-9E6E-A69218AF2154}"
EndProject
Project("{FAE04EC0-301F-11D3-BF4B-00C04F79EFBC}") = "Console_TPLDataflowByExample", "Console_TPLDataflowByExample\Console_TPLDataflowByExample.csproj", "{0DFA9E6A-1662-4491-B92B-858247B2DE11}"
EndProject
Project("{FAE04EC0-301F-11D3-BF4B-00C04F79EFBC}") = "Console_TPLReactiveByExample", "Console_TPLReactiveByExample\Console_TPLReactiveByExample.csproj", "{B4FFE150-334A-4E80-9616-494897380D8F}"
EndProject
Project("{FAE04EC0-301F-11D3-BF4B-00C04F79EFBC}") = "Console_TaskExample", "Console_TaskExample\Console_TaskExample.csproj", "{BE4C709C-4669-4123-9AB9-6E3C502596AB}"
EndProject
Global
	GlobalSection(SolutionConfigurationPlatforms) = preSolution
		Debug|Any CPU = Debug|Any CPU
		Release|Any CPU = Release|Any CPU
	EndGlobalSection
	GlobalSection(ProjectConfigurationPlatforms) = postSolution
		{7414B39D-9AD0-44DA-8C0A-8A4A969D4A53}.Debug|Any CPU.ActiveCfg = Debug|Any CPU
		{7414B39D-9AD0-44DA-8C0A-8A4A969D4A53}.Debug|Any CPU.Build.0 = Debug|Any CPU
		{7414B39D-9AD0-44DA-8C0A-8A4A969D4A53}.Release|Any CPU.ActiveCfg = Release|Any CPU
		{7414B39D-9AD0-44DA-8C0A-8A4A969D4A53}.Release|Any CPU.Build.0 = Release|Any CPU
		{C6EF6B9D-F10A-4E32-9E6E-A69218AF2154}.Debug|Any CPU.ActiveCfg = Debug|Any CPU
		{C6EF6B9D-F10A-4E32-9E6E-A69218AF2154}.Debug|Any CPU.Build.0 = Debug|Any CPU
		{C6EF6B9D-F10A-4E32-9E6E-A69218AF2154}.Release|Any CPU.ActiveCfg = Release|Any CPU
		{C6EF6B9D-F10A-4E32-9E6E-A69218AF2154}.Release|Any CPU.Build.0 = Release|Any CPU
		{0DFA9E6A-1662-4491-B92B-858247B2DE11}.Debug|Any CPU.ActiveCfg = Debug|Any CPU
		{0DFA9E6A-1662-4491-B92B-858247B2DE11}.Debug|Any CPU.Build.0 = Debug|Any CPU
		{0DFA9E6A-1662-4491-B92B-858247B2DE11}.Release|Any CPU.ActiveCfg = Release|Any CPU
		{0DFA9E6A-1662-4491-B92B-858247B2DE11}.Release|Any CPU.Build.0 = Release|Any CPU
		{B4FFE150-334A-4E80-9616-494897380D8F}.Debug|Any CPU.ActiveCfg = Debug|Any CPU
		{B4FFE150-334A-4E80-9616-494897380D8F}.Debug|Any CPU.Build.0 = Debug|Any CPU
		{B4FFE150-334A-4E80-9616-494897380D8F}.Release|Any CPU.ActiveCfg = Release|Any CPU
		{B4FFE150-334A-4E80-9616-494897380D8F}.Release|Any CPU.Build.0 = Release|Any CPU
		{BE4C709C-4669-4123-9AB9-6E3C502596AB}.Debug|Any CPU.ActiveCfg = Debug|Any CPU
		{BE4C709C-4669-4123-9AB9-6E3C502596AB}.Debug|Any CPU.Build.0 = Debug|Any CPU
		{BE4C709C-4669-4123-9AB9-6E3C502596AB}.Release|Any CPU.ActiveCfg = Release|Any CPU
		{BE4C709C-4669-4123-9AB9-6E3C502596AB}.Release|Any CPU.Build.0 = Release|Any CPU
	EndGlobalSection
	GlobalSection(SolutionProperties) = preSolution
		HideSolutionNode = FALSE
	EndGlobalSection
	GlobalSection(ExtensibilityGlobals) = postSolution
		SolutionGuid = {09E4FA88-69D3-4D61-AA28-8FA0CF5D618C}
	EndGlobalSection
EndGlobal
